
Microsoft Visual Studio Solution File, Format Version 12.00
# Visual Studio Version 16
VisualStudioVersion = 16.0.31702.278
MinimumVisualStudioVersion = 10.0.40219.1
Project("{FAE04EC0-301F-11D3-BF4B-00C04F79EFBC}") = "ServerConfigRest_20190140026_Muhammad Risqullah Zarvino", "ServerConfigRest_20190140026_Muhammad Risqullah Zarvino\ServerConfigRest_20190140026_Muhammad Risqullah Zarvino.csproj", "{D0BFA141-9EBE-4562-9375-BF7F8AFCE235}"
EndProject
Global
	GlobalSection(SolutionConfigurationPlatforms) = preSolution
		Debug|Any CPU = Debug|Any CPU
		Release|Any CPU = Release|Any CPU
	EndGlobalSection
	GlobalSection(ProjectConfigurationPlatforms) = postSolution
		{D0BFA141-9EBE-4562-9375-BF7F8AFCE235}.Debug|Any CPU.ActiveCfg = Debug|Any CPU
		{D0BFA141-9EBE-4562-9375-BF7F8AFCE235}.Debug|Any CPU.Build.0 = Debug|Any CPU
		{D0BFA141-9EBE-4562-9375-BF7F8AFCE235}.Release|Any CPU.ActiveCfg = Release|Any CPU
		{D0BFA141-9EBE-4562-9375-BF7F8AFCE235}.Release|Any CPU.Build.0 = Release|Any CPU
	EndGlobalSection
	GlobalSection(SolutionProperties) = preSolution
		HideSolutionNode = FALSE
	EndGlobalSection
	GlobalSection(ExtensibilityGlobals) = postSolution
		SolutionGuid = {4BB08DD2-3860-471D-B3BC-FA5A374CBB92}
	EndGlobalSection
EndGlobal
